
Microsoft Visual Studio Solution File, Format Version 12.00
# Visual Studio Version 17
VisualStudioVersion = 17.4.33110.190
MinimumVisualStudioVersion = 10.0.40219.1
Project("{9A19103F-16F7-4668-BE54-9A1E7A4F7556}") = "Task34", "Task34\Task34.csproj", "{5C59D119-E9F7-4DDD-BE7E-230555C76DB2}"
EndProject
Project("{FAE04EC0-301F-11D3-BF4B-00C04F79EFBC}") = "Task36", "Task36\Task36.csproj", "{AB06885B-DF57-4D12-87B9-A24544961EE5}"
EndProject
Global
	GlobalSection(SolutionConfigurationPlatforms) = preSolution
		Debug|Any CPU = Debug|Any CPU
		Release|Any CPU = Release|Any CPU
	EndGlobalSection
	GlobalSection(ProjectConfigurationPlatforms) = postSolution
		{5C59D119-E9F7-4DDD-BE7E-230555C76DB2}.Debug|Any CPU.ActiveCfg = Debug|Any CPU
		{5C59D119-E9F7-4DDD-BE7E-230555C76DB2}.Debug|Any CPU.Build.0 = Debug|Any CPU
		{5C59D119-E9F7-4DDD-BE7E-230555C76DB2}.Release|Any CPU.ActiveCfg = Release|Any CPU
		{5C59D119-E9F7-4DDD-BE7E-230555C76DB2}.Release|Any CPU.Build.0 = Release|Any CPU
		{AB06885B-DF57-4D12-87B9-A24544961EE5}.Debug|Any CPU.ActiveCfg = Debug|Any CPU
		{AB06885B-DF57-4D12-87B9-A24544961EE5}.Debug|Any CPU.Build.0 = Debug|Any CPU
		{AB06885B-DF57-4D12-87B9-A24544961EE5}.Release|Any CPU.ActiveCfg = Release|Any CPU
		{AB06885B-DF57-4D12-87B9-A24544961EE5}.Release|Any CPU.Build.0 = Release|Any CPU
	EndGlobalSection
	GlobalSection(SolutionProperties) = preSolution
		HideSolutionNode = FALSE
	EndGlobalSection
	GlobalSection(ExtensibilityGlobals) = postSolution
		SolutionGuid = {CCCE40D5-47D1-470E-A1C8-DF148335516C}
	EndGlobalSection
EndGlobal
